// !$*UTF8*$!
{
	archiveVersion = 1;
	classes = {
	};
	objectVersion = 48;
	objects = {

/* Begin PBXBuildFile section */
		336B3CA81FE1555500ADADAB /* AppDelegate.swift in Sources */ = {isa = PBXBuildFile; fileRef = 336B3CA71FE1555500ADADAB /* AppDelegate.swift */; };
		336B3CAA1FE1555500ADADAB /* ViewController.swift in Sources */ = {isa = PBXBuildFile; fileRef = 336B3CA91FE1555500ADADAB /* ViewController.swift */; };
		336B3CAD1FE1555500ADADAB /* Main.storyboard in Resources */ = {isa = PBXBuildFile; fileRef = 336B3CAB1FE1555500ADADAB /* Main.storyboard */; };
		336B3CAF1FE1555500ADADAB /* Assets.xcassets in Resources */ = {isa = PBXBuildFile; fileRef = 336B3CAE1FE1555500ADADAB /* Assets.xcassets */; };
		336B3CB21FE1555500ADADAB /* LaunchScreen.storyboard in Resources */ = {isa = PBXBuildFile; fileRef = 336B3CB01FE1555500ADADAB /* LaunchScreen.storyboard */; };
		336B3CBB1FE1557300ADADAB /* AccountModuleRoute.swift in Sources */ = {isa = PBXBuildFile; fileRef = 336B3CBA1FE1557300ADADAB /* AccountModuleRoute.swift */; };
/* End PBXBuildFile section */

/* Begin PBXFileReference section */
		336B3CA41FE1555500ADADAB /* XBPublickModule.app */ = {isa = PBXFileReference; explicitFileType = wrapper.application; includeInIndex = 0; path = XBPublickModule.app; sourceTree = BUILT_PRODUCTS_DIR; };
		336B3CA71FE1555500ADADAB /* AppDelegate.swift */ = {isa = PBXFileReference; lastKnownFileType = sourcecode.swift; path = AppDelegate.swift; sourceTree = "<group>"; };
		336B3CA91FE1555500ADADAB /* ViewController.swift */ = {isa = PBXFileReference; lastKnownFileType = sourcecode.swift; path = ViewController.swift; sourceTree = "<group>"; };
		336B3CAC1FE1555500ADADAB /* Base */ = {isa = PBXFileReference; lastKnownFileType = file.storyboard; name = Base; path = Base.lproj/Main.storyboard; sourceTree = "<group>"; };
		336B3CAE1FE1555500ADADAB /* Assets.xcassets */ = {isa = PBXFileReference; lastKnownFileType = folder.assetcatalog; path = Assets.xcassets; sourceTree = "<group>"; };
		336B3CB11FE1555500ADADAB /* Base */ = {isa = PBXFileReference; lastKnownFileType = file.storyboard; name = Base; path = Base.lproj/LaunchScreen.storyboard; sourceTree = "<group>"; };
		336B3CB31FE1555500ADADAB /* Info.plist */ = {isa = PBXFileReference; lastKnownFileType = text.plist.xml; path = Info.plist; sourceTree = "<group>"; };
		336B3CBA1FE1557300ADADAB /* AccountModuleRoute.swift */ = {isa = PBXFileReference; fileEncoding = 4; lastKnownFileType = sourcecode.swift; path = AccountModuleRoute.swift; sourceTree = "<group>"; };
/* End PBXFileReference section */

/* Begin PBXFrameworksBuildPhase section */
		336B3CA11FE1555500ADADAB /* Frameworks */ = {
			isa = PBXFrameworksBuildPhase;
			buildActionMask = 2147483647;
			files = (
			);
			runOnlyForDeploymentPostprocessing = 0;
		};
/* End PBXFrameworksBuildPhase section */

/* Begin PBXGroup section */
		336B3C9B1FE1555500ADADAB = {
			isa = PBXGroup;
			children = (
				336B3CA61FE1555500ADADAB /* XBPublickModule */,
				336B3CA51FE1555500ADADAB /* Products */,
			);
			sourceTree = "<group>";
		};
		336B3CA51FE1555500ADADAB /* Products */ = {
			isa = PBXGroup;
			children = (
				336B3CA41FE1555500ADADAB /* XBPublickModule.app */,
			);
			name = Products;
			sourceTree = "<group>";
		};
		336B3CA61FE1555500ADADAB /* XBPublickModule */ = {
			isa = PBXGroup;
			children = (
				336B3CB91FE1557300ADADAB /* Classes */,
				336B3CA71FE1555500ADADAB /* AppDelegate.swift */,
				336B3CA91FE1555500ADADAB /* ViewController.swift */,
				336B3CAB1FE1555500ADADAB /* Main.storyboard */,
				336B3CAE1FE1555500ADADAB /* Assets.xcassets */,
				336B3CB01FE1555500ADADAB /* LaunchScreen.storyboard */,
				336B3CB31FE1555500ADADAB /* Info.plist */,
			);
			path = XBPublickModule;
			sourceTree = "<group>";
		};
		336B3CB91FE1557300ADADAB /* Classes */ = {
			isa = PBXGroup;
			children = (
				336B3CBA1FE1557300ADADAB /* AccountModuleRoute.swift */,
			);
			path = Classes;
			sourceTree = "<group>";
		};
/* End PBXGroup section */

/* Begin PBXNativeTarget section */
		336B3CA31FE1555500ADADAB /* XBPublickModule */ = {
			isa = PBXNativeTarget;
			buildConfigurationList = 336B3CB61FE1555500ADADAB /* Build configuration list for PBXNativeTarget "XBPublickModule" */;
			buildPhases = (
				336B3CA01FE1555500ADADAB /* Sources */,
				336B3CA11FE1555500ADADAB /* Frameworks */,
				336B3CA21FE1555500ADADAB /* Resources */,
			);
			buildRules = (
			);
			dependencies = (
			);
			name = XBPublickModule;
			productName = XBPublickModule;
			productReference = 336B3CA41FE1555500ADADAB /* XBPublickModule.app */;
			productType = "com.apple.product-type.application";
		};
/* End PBXNativeTarget section */

/* Begin PBXProject section */
		336B3C9C1FE1555500ADADAB /* Project object */ = {
			isa = PBXProject;
			attributes = {
				LastSwiftUpdateCheck = 0920;
				LastUpgradeCheck = 0920;
				ORGANIZATIONNAME = Sky;
				TargetAttributes = {
					336B3CA31FE1555500ADADAB = {
						CreatedOnToolsVersion = 9.2;
						ProvisioningStyle = Automatic;
					};
				};
			};
			buildConfigurationList = 336B3C9F1FE1555500ADADAB /* Build configuration list for PBXProject "XBPublickModule" */;
			compatibilityVersion = "Xcode 8.0";
			developmentRegion = en;
			hasScannedForEncodings = 0;
			knownRegions = (
				en,
				Base,
			);
			mainGroup = 336B3C9B1FE1555500ADADAB;
			productRefGroup = 336B3CA51FE1555500ADADAB /* Products */;
			projectDirPath = "";
			projectRoot = "";
			targets = (
				336B3CA31FE1555500ADADAB /* XBPublickModule */,
			);
		};
/* End PBXProject section */

/* Begin PBXResourcesBuildPhase section */
		336B3CA21FE1555500ADADAB /* Resources */ = {
			isa = PBXResourcesBuildPhase;
			buildActionMask = 2147483647;
			files = (
				336B3CB21FE1555500ADADAB /* LaunchScreen.storyboard in Resources */,
				336B3CAF1FE1555500ADADAB /* Assets.xcassets in Resources */,
				336B3CAD1FE1555500ADADAB /* Main.storyboard in Resources */,
			);
			runOnlyForDeploymentPostprocessing = 0;
		};
/* End PBXResourcesBuildPhase section */

/* Begin PBXSourcesBuildPhase section */
		336B3CA01FE1555500ADADAB /* Sources */ = {
			isa = PBXSourcesBuildPhase;
			buildActionMask = 2147483647;
			files = (
				336B3CAA1FE1555500ADADAB /* ViewController.swift in Sources */,
				336B3CBB1FE1557300ADADAB /* AccountModuleRoute.swift in Sources */,
				336B3CA81FE1555500ADADAB /* AppDelegate.swift in Sources */,
			);
			runOnlyForDeploymentPostprocessing = 0;
		};
/* End PBXSourcesBuildPhase section */

/* Begin PBXVariantGroup section */
		336B3CAB1FE1555500ADADAB /* Main.storyboard */ = {
			isa = PBXVariantGroup;
			children = (
				336B3CAC1FE1555500ADADAB /* Base */,
			);
			name = Main.storyboard;
			sourceTree = "<group>";
		};
		336B3CB01FE1555500ADADAB /* LaunchScreen.storyboard */ = {
			isa = PBXVariantGroup;
			children = (
				336B3CB11FE1555500ADADAB /* Base */,
			);
			name = LaunchScreen.storyboard;
			sourceTree = "<group>";
		};
/* End PBXVariantGroup section */

/* Begin XCBuildConfiguration section */
		336B3CB41FE1555500ADADAB /* Debug */ = {
			isa = XCBuildConfiguration;
			buildSettings = {
				ALWAYS_SEARCH_USER_PATHS = NO;
				CLANG_ANALYZER_NONNULL = YES;
				CLANG_ANALYZER_NUMBER_OBJECT_CONVERSION = YES_AGGRESSIVE;
				CLANG_CXX_LANGUAGE_STANDARD = "gnu++14";
				CLANG_CXX_LIBRARY = "libc++";
				CLANG_ENABLE_MODULES = YES;
				CLANG_ENABLE_OBJC_ARC = YES;
				CLANG_WARN_BLOCK_CAPTURE_AUTORELEASING = YES;
				CLANG_WARN_BOOL_CONVERSION = YES;
				CLANG_WARN_COMMA = YES;
				CLANG_WARN_CONSTANT_CONVERSION = YES;
				CLANG_WARN_DIRECT_OBJC_ISA_USAGE = YES_ERROR;
				CLANG_WARN_DOCUMENTATION_COMMENTS = YES;
				CLANG_WARN_EMPTY_BODY = YES;
				CLANG_WARN_ENUM_CONVERSION = YES;
				CLANG_WARN_INFINITE_RECURSION = YES;
				CLANG_WARN_INT_CONVERSION = YES;
				CLANG_WARN_NON_LITERAL_NULL_CONVERSION = YES;
				CLANG_WARN_OBJC_LITERAL_CONVERSION = YES;
				CLANG_WARN_OBJC_ROOT_CLASS = YES_ERROR;
				CLANG_WARN_RANGE_LOOP_ANALYSIS = YES;
				CLANG_WARN_STRICT_PROTOTYPES = YES;
				CLANG_WARN_SUSPICIOUS_MOVE = YES;
				CLANG_WARN_UNGUARDED_AVAILABILITY = YES_AGGRESSIVE;
				CLANG_WARN_UNREACHABLE_CODE = YES;
				CLANG_WARN__DUPLICATE_METHOD_MATCH = YES;
				CODE_SIGN_IDENTITY = "iPhone Developer";
				COPY_PHASE_STRIP = NO;
				DEBUG_INFORMATION_FORMAT = dwarf;
				ENABLE_STRICT_OBJC_MSGSEND = YES;
				ENABLE_TESTABILITY = YES;
				GCC_C_LANGUAGE_STANDARD = gnu11;
				GCC_DYNAMIC_NO_PIC = NO;
				GCC_NO_COMMON_BLOCKS = YES;
				GCC_OPTIMIZATION_LEVEL = 0;
				GCC_PREPROCESSOR_DEFINITIONS = (
					"DEBUG=1",
					"$(inherited)",
				);
				GCC_WARN_64_TO_32_BIT_CONVERSION = YES;
				GCC_WARN_ABOUT_RETURN_TYPE = YES_ERROR;
				GCC_WARN_UNDECLARED_SELECTOR = YES;
				GCC_WARN_UNINITIALIZED_AUTOS = YES_AGGRESSIVE;
				GCC_WARN_UNUSED_FUNCTION = YES;
				GCC_WARN_UNUSED_VARIABLE = YES;
				IPHONEOS_DEPLOYMENT_TARGET = 11.2;
				MTL_ENABLE_DEBUG_INFO = YES;
				ONLY_ACTIVE_ARCH = YES;
				SDKROOT = iphoneos;
				SWIFT_ACTIVE_COMPILATION_CONDITIONS = DEBUG;
				SWIFT_OPTIMIZATION_LEVEL = "-Onone";
			};
			name = Debug;
		};
		336B3CB51FE1555500ADADAB /* Release */ = {
			isa = XCBuildConfiguration;
			buildSettings = {
				ALWAYS_SEARCH_USER_PATHS = NO;
				CLANG_ANALYZER_NONNULL = YES;
				CLANG_ANALYZER_NUMBER_OBJECT_CONVERSION = YES_AGGRESSIVE;
				CLANG_CXX_LANGUAGE_STANDARD = "gnu++14";
				CLANG_CXX_LIBRARY = "libc++";
				CLANG_ENABLE_MODULES = YES;
				CLANG_ENABLE_OBJC_ARC = YES;
				CLANG_WARN_BLOCK_CAPTURE_AUTORELEASING = YES;
				CLANG_WARN_BOOL_CONVERSION = YES;
				CLANG_WARN_COMMA = YES;
				CLANG_WARN_CONSTANT_CONVERSION = YES;
				CLANG_WARN_DIRECT_OBJC_ISA_USAGE = YES_ERROR;
				CLANG_WARN_DOCUMENTATION_COMMENTS = YES;
				CLANG_WARN_EMPTY_BODY = YES;
				CLANG_WARN_ENUM_CONVERSION = YES;
				CLANG_WARN_INFINITE_RECURSION = YES;
				CLANG_WARN_INT_CONVERSION = YES;
				CLANG_WARN_NON_LITERAL_NULL_CONVERSION = YES;
				CLANG_WARN_OBJC_LITERAL_CONVERSION = YES;
				CLANG_WARN_OBJC_ROOT_CLASS = YES_ERROR;
				CLANG_WARN_RANGE_LOOP_ANALYSIS = YES;
				CLANG_WARN_STRICT_PROTOTYPES = YES;
				CLANG_WARN_SUSPICIOUS_MOVE = YES;
				CLANG_WARN_UNGUARDED_AVAILABILITY = YES_AGGRESSIVE;
				CLANG_WARN_UNREACHABLE_CODE = YES;
				CLANG_WARN__DUPLICATE_METHOD_MATCH = YES;
				CODE_SIGN_IDENTITY = "iPhone Developer";
				COPY_PHASE_STRIP = NO;
				DEBUG_INFORMATION_FORMAT = "dwarf-with-dsym";
				ENABLE_NS_ASSERTIONS = NO;
				ENABLE_STRICT_OBJC_MSGSEND = YES;
				GCC_C_LANGUAGE_STANDARD = gnu11;
				GCC_NO_COMMON_BLOCKS = YES;
				GCC_WARN_64_TO_32_BIT_CONVERSION = YES;
				GCC_WARN_ABOUT_RETURN_TYPE = YES_ERROR;
				GCC_WARN_UNDECLARED_SELECTOR = YES;
				GCC_WARN_UNINITIALIZED_AUTOS = YES_AGGRESSIVE;
				GCC_WARN_UNUSED_FUNCTION = YES;
				GCC_WARN_UNUSED_VARIABLE = YES;
				IPHONEOS_DEPLOYMENT_TARGET = 11.2;
				MTL_ENABLE_DEBUG_INFO = NO;
				SDKROOT = iphoneos;
				SWIFT_OPTIMIZATION_LEVEL = "-Owholemodule";
				VALIDATE_PRODUCT = YES;
			};
			name = Release;
		};
		336B3CB71FE1555500ADADAB /* Debug */ = {
			isa = XCBuildConfiguration;
			buildSettings = {
				ASSETCATALOG_COMPILER_APPICON_NAME = AppIcon;
				CODE_SIGN_STYLE = Automatic;
				DEVELOPMENT_TEAM = BU9U9E5458;
				INFOPLIST_FILE = XBPublickModule/Info.plist;
				IPHONEOS_DEPLOYMENT_TARGET = 9.0;
				LD_RUNPATH_SEARCH_PATHS = "$(inherited) @executable_path/Frameworks";
				PRODUCT_BUNDLE_IDENTIFIER = com.mike.XBPublickModule;
				PRODUCT_NAME = "$(TARGET_NAME)";
				SWIFT_VERSION = 4.0;
				TARGETED_DEVICE_FAMILY = "1,2";
			};
			name = Debug;
		};
		336B3CB81FE1555500ADADAB /* Release */ = {
			isa = XCBuildConfiguration;
			buildSettings = {
				ASSETCATALOG_COMPILER_APPICON_NAME = AppIcon;
				CODE_SIGN_STYLE = Automatic;
				DEVELOPMENT_TEAM = BU9U9E5458;
				INFOPLIST_FILE = XBPublickModule/Info.plist;
				IPHONEOS_DEPLOYMENT_TARGET = 9.0;
				LD_RUNPATH_SEARCH_PATHS = "$(inherited) @executable_path/Frameworks";
				PRODUCT_BUNDLE_IDENTIFIER = com.mike.XBPublickModule;
				PRODUCT_NAME = "$(TARGET_NAME)";
				SWIFT_VERSION = 4.0;
				TARGETED_DEVICE_FAMILY = "1,2";
			};
			name = Release;
		};
/* End XCBuildConfiguration section */

/* Begin XCConfigurationList section */
		336B3C9F1FE1555500ADADAB /* Build configuration list for PBXProject "XBPublickModule" */ = {
			isa = XCConfigurationList;
			buildConfigurations = (
				336B3CB41FE1555500ADADAB /* Debug */,
				336B3CB51FE1555500ADADAB /* Release */,
			);
			defaultConfigurationIsVisible = 0;
			defaultConfigurationName = Release;
		};
		336B3CB61FE1555500ADADAB /* Build configuration list for PBXNativeTarget "XBPublickModule" */ = {
			isa = XCConfigurationList;
			buildConfigurations = (
				336B3CB71FE1555500ADADAB /* Debug */,
				336B3CB81FE1555500ADADAB /* Release */,
			);
			defaultConfigurationIsVisible = 0;
			defaultConfigurationName = Release;
		};
/* End XCConfigurationList section */
	};
	rootObject = 336B3C9C1FE1555500ADADAB /* Project object */;
}
